
Microsoft Visual Studio Solution File, Format Version 12.00
# Visual Studio 15
VisualStudioVersion = 15.0.28307.572
MinimumVisualStudioVersion = 10.0.40219.1
Project("{FAE04EC0-301F-11D3-BF4B-00C04F79EFBC}") = "TServer.Api", "TServer.Api\TServer.Api.csproj", "{C5BC3DDB-D984-4001-A731-373FD05493D4}"
EndProject
Project("{FAE04EC0-301F-11D3-BF4B-00C04F79EFBC}") = "TServer.ExternalApi", "TServer.ExternalApi\TServer.ExternalApi.csproj", "{448B69E3-7670-4202-9A4D-472EDED0A450}"
EndProject
Project("{FAE04EC0-301F-11D3-BF4B-00C04F79EFBC}") = "TApplication", "TApplication\TApplication.csproj", "{B101BDD7-2D55-49CF-9691-338A0251C011}"
EndProject
Project("{FAE04EC0-301F-11D3-BF4B-00C04F79EFBC}") = "TModel", "TModel\TModel.csproj", "{4FDE54A5-5114-4632-BE80-107D0B3091DE}"
EndProject
Project("{FAE04EC0-301F-11D3-BF4B-00C04F79EFBC}") = "TClient", "TClient\TClient.csproj", "{3C1A437C-AF8E-4BCC-93C8-BA24944E2A87}"
EndProject
Project("{FAE04EC0-301F-11D3-BF4B-00C04F79EFBC}") = "TServer.Api.Helper", "TServer.Api.Helper\TServer.Api.Helper.csproj", "{1EE4F55F-932F-4EB5-BABF-24D38BC87750}"
EndProject
Project("{FAE04EC0-301F-11D3-BF4B-00C04F79EFBC}") = "TServer.Api.Model", "TServer.Api.Model\TServer.Api.Model.csproj", "{373C9AE0-91F4-4636-A9F3-42C093C62098}"
EndProject
Project("{2150E333-8FDC-42A3-9474-1A3956D46DE8}") = "1-Application", "1-Application", "{28D333E0-0799-493F-BBDD-B12E67EEFE2B}"
EndProject
Project("{2150E333-8FDC-42A3-9474-1A3956D46DE8}") = "0-Client", "0-Client", "{1DE83E8A-174C-4DD5-9D40-6FDB3C16BB5F}"
EndProject
Project("{2150E333-8FDC-42A3-9474-1A3956D46DE8}") = "2-Service", "2-Service", "{2A8F2225-C43E-4710-98D1-2E9FA3A572EB}"
EndProject
Global
	GlobalSection(SolutionConfigurationPlatforms) = preSolution
		Debug|Any CPU = Debug|Any CPU
		Release|Any CPU = Release|Any CPU
	EndGlobalSection
	GlobalSection(ProjectConfigurationPlatforms) = postSolution
		{C5BC3DDB-D984-4001-A731-373FD05493D4}.Debug|Any CPU.ActiveCfg = Debug|Any CPU
		{C5BC3DDB-D984-4001-A731-373FD05493D4}.Debug|Any CPU.Build.0 = Debug|Any CPU
		{C5BC3DDB-D984-4001-A731-373FD05493D4}.Release|Any CPU.ActiveCfg = Release|Any CPU
		{C5BC3DDB-D984-4001-A731-373FD05493D4}.Release|Any CPU.Build.0 = Release|Any CPU
		{448B69E3-7670-4202-9A4D-472EDED0A450}.Debug|Any CPU.ActiveCfg = Debug|Any CPU
		{448B69E3-7670-4202-9A4D-472EDED0A450}.Debug|Any CPU.Build.0 = Debug|Any CPU
		{448B69E3-7670-4202-9A4D-472EDED0A450}.Release|Any CPU.ActiveCfg = Release|Any CPU
		{448B69E3-7670-4202-9A4D-472EDED0A450}.Release|Any CPU.Build.0 = Release|Any CPU
		{B101BDD7-2D55-49CF-9691-338A0251C011}.Debug|Any CPU.ActiveCfg = Debug|Any CPU
		{B101BDD7-2D55-49CF-9691-338A0251C011}.Debug|Any CPU.Build.0 = Debug|Any CPU
		{B101BDD7-2D55-49CF-9691-338A0251C011}.Release|Any CPU.ActiveCfg = Release|Any CPU
		{B101BDD7-2D55-49CF-9691-338A0251C011}.Release|Any CPU.Build.0 = Release|Any CPU
		{4FDE54A5-5114-4632-BE80-107D0B3091DE}.Debug|Any CPU.ActiveCfg = Debug|Any CPU
		{4FDE54A5-5114-4632-BE80-107D0B3091DE}.Debug|Any CPU.Build.0 = Debug|Any CPU
		{4FDE54A5-5114-4632-BE80-107D0B3091DE}.Release|Any CPU.ActiveCfg = Release|Any CPU
		{4FDE54A5-5114-4632-BE80-107D0B3091DE}.Release|Any CPU.Build.0 = Release|Any CPU
		{3C1A437C-AF8E-4BCC-93C8-BA24944E2A87}.Debug|Any CPU.ActiveCfg = Debug|Any CPU
		{3C1A437C-AF8E-4BCC-93C8-BA24944E2A87}.Debug|Any CPU.Build.0 = Debug|Any CPU
		{3C1A437C-AF8E-4BCC-93C8-BA24944E2A87}.Release|Any CPU.ActiveCfg = Release|Any CPU
		{3C1A437C-AF8E-4BCC-93C8-BA24944E2A87}.Release|Any CPU.Build.0 = Release|Any CPU
		{1EE4F55F-932F-4EB5-BABF-24D38BC87750}.Debug|Any CPU.ActiveCfg = Debug|Any CPU
		{1EE4F55F-932F-4EB5-BABF-24D38BC87750}.Debug|Any CPU.Build.0 = Debug|Any CPU
		{1EE4F55F-932F-4EB5-BABF-24D38BC87750}.Release|Any CPU.ActiveCfg = Release|Any CPU
		{1EE4F55F-932F-4EB5-BABF-24D38BC87750}.Release|Any CPU.Build.0 = Release|Any CPU
		{373C9AE0-91F4-4636-A9F3-42C093C62098}.Debug|Any CPU.ActiveCfg = Debug|Any CPU
		{373C9AE0-91F4-4636-A9F3-42C093C62098}.Debug|Any CPU.Build.0 = Debug|Any CPU
		{373C9AE0-91F4-4636-A9F3-42C093C62098}.Release|Any CPU.ActiveCfg = Release|Any CPU
		{373C9AE0-91F4-4636-A9F3-42C093C62098}.Release|Any CPU.Build.0 = Release|Any CPU
	EndGlobalSection
	GlobalSection(SolutionProperties) = preSolution
		HideSolutionNode = FALSE
	EndGlobalSection
	GlobalSection(NestedProjects) = preSolution
		{C5BC3DDB-D984-4001-A731-373FD05493D4} = {2A8F2225-C43E-4710-98D1-2E9FA3A572EB}
		{448B69E3-7670-4202-9A4D-472EDED0A450} = {2A8F2225-C43E-4710-98D1-2E9FA3A572EB}
		{B101BDD7-2D55-49CF-9691-338A0251C011} = {28D333E0-0799-493F-BBDD-B12E67EEFE2B}
		{4FDE54A5-5114-4632-BE80-107D0B3091DE} = {28D333E0-0799-493F-BBDD-B12E67EEFE2B}
		{3C1A437C-AF8E-4BCC-93C8-BA24944E2A87} = {1DE83E8A-174C-4DD5-9D40-6FDB3C16BB5F}
		{1EE4F55F-932F-4EB5-BABF-24D38BC87750} = {2A8F2225-C43E-4710-98D1-2E9FA3A572EB}
		{373C9AE0-91F4-4636-A9F3-42C093C62098} = {2A8F2225-C43E-4710-98D1-2E9FA3A572EB}
	EndGlobalSection
	GlobalSection(ExtensibilityGlobals) = postSolution
		SolutionGuid = {62E0E99E-DEA7-4BA6-B8FD-560568E2AF82}
	EndGlobalSection
EndGlobal
